
Microsoft Visual Studio Solution File, Format Version 12.00
# Visual Studio 15
VisualStudioVersion = 15.0.28307.168
MinimumVisualStudioVersion = 10.0.40219.1
Project("{9A19103F-16F7-4668-BE54-9A1E7A4F7556}") = "Beef.Core", "src\Beef.Core\Beef.Core.csproj", "{6BD36E96-E96B-4399-BE17-A87424D44AD7}"
EndProject
Project("{2150E333-8FDC-42A3-9474-1A3956D46DE8}") = "src", "src", "{6C902314-82BD-48FD-8777-5C3AC986E4D3}"
EndProject
Project("{2150E333-8FDC-42A3-9474-1A3956D46DE8}") = "tests", "tests", "{080D0002-C5F5-400A-9B85-65DEECAD61A9}"
EndProject
Project("{FAE04EC0-301F-11D3-BF4B-00C04F79EFBC}") = "Beef.Core.UnitTest", "tests\Beef.Core.UnitTest\Beef.Core.UnitTest.csproj", "{8615A844-1323-4CF4-B689-402DDA2038EB}"
EndProject
Project("{2150E333-8FDC-42A3-9474-1A3956D46DE8}") = "tools", "tools", "{2733948C-DAB3-45B6-BE60-64BA3A5289F5}"
EndProject
Project("{9A19103F-16F7-4668-BE54-9A1E7A4F7556}") = "Beef.Test.NUnit", "tools\Beef.Test.NUnit\Beef.Test.NUnit.csproj", "{28679F56-9998-4FC3-A871-43DF7262CB6E}"
EndProject
Project("{9A19103F-16F7-4668-BE54-9A1E7A4F7556}") = "Beef.AspNetCore.WebApi", "src\Beef.AspNetCore.WebApi\Beef.AspNetCore.WebApi.csproj", "{E34DDDB4-F8E6-4195-B161-6A4CB36658FC}"
EndProject
Project("{2150E333-8FDC-42A3-9474-1A3956D46DE8}") = "AspNet", "AspNet", "{9FD30EC7-482D-41AB-924C-26CAC3802F45}"
EndProject
Project("{2150E333-8FDC-42A3-9474-1A3956D46DE8}") = "Data", "Data", "{7A307618-3ADF-49DF-A490-A37D4404158D}"
EndProject
Project("{9A19103F-16F7-4668-BE54-9A1E7A4F7556}") = "Beef.Data.Database", "src\Beef.Data.Database\Beef.Data.Database.csproj", "{120BE707-CF4A-48F3-A2F6-35CB3789F8F2}"
EndProject
Project("{FAE04EC0-301F-11D3-BF4B-00C04F79EFBC}") = "Beef.Data.Database.UnitTest", "tests\Beef.Data.Database.UnitTest\Beef.Data.Database.UnitTest.csproj", "{518FCA77-18F9-4E91-A966-58EC50F03822}"
EndProject
Project("{2150E333-8FDC-42A3-9474-1A3956D46DE8}") = "Data", "Data", "{C9053423-A2E7-40B9-A483-2F706CFAC955}"
EndProject
Project("{9A19103F-16F7-4668-BE54-9A1E7A4F7556}") = "Beef.Data.EntityFrameworkCore", "src\Beef.Data.EntityFrameworkCore\Beef.Data.EntityFrameworkCore.csproj", "{CD5C7225-9FDE-4156-A024-53C06240F98E}"
EndProject
Project("{9A19103F-16F7-4668-BE54-9A1E7A4F7556}") = "Beef.Data.OData", "src\Beef.Data.OData\Beef.Data.OData.csproj", "{8C337D6B-785F-4967-AD56-D37D84F37551}"
EndProject
Project("{9A19103F-16F7-4668-BE54-9A1E7A4F7556}") = "Beef.Data.OData.UnitTest", "tests\Beef.Data.OData.UnitTest\Beef.Data.OData.UnitTest.csproj", "{4AFDA874-A1D7-4647-92A3-EA3A1B62582A}"
EndProject
Global
	GlobalSection(SolutionConfigurationPlatforms) = preSolution
		Debug|Any CPU = Debug|Any CPU
		Release|Any CPU = Release|Any CPU
	EndGlobalSection
	GlobalSection(ProjectConfigurationPlatforms) = postSolution
		{6BD36E96-E96B-4399-BE17-A87424D44AD7}.Debug|Any CPU.ActiveCfg = Debug|Any CPU
		{6BD36E96-E96B-4399-BE17-A87424D44AD7}.Debug|Any CPU.Build.0 = Debug|Any CPU
		{6BD36E96-E96B-4399-BE17-A87424D44AD7}.Release|Any CPU.ActiveCfg = Release|Any CPU
		{6BD36E96-E96B-4399-BE17-A87424D44AD7}.Release|Any CPU.Build.0 = Release|Any CPU
		{8615A844-1323-4CF4-B689-402DDA2038EB}.Debug|Any CPU.ActiveCfg = Debug|Any CPU
		{8615A844-1323-4CF4-B689-402DDA2038EB}.Debug|Any CPU.Build.0 = Debug|Any CPU
		{8615A844-1323-4CF4-B689-402DDA2038EB}.Release|Any CPU.ActiveCfg = Release|Any CPU
		{8615A844-1323-4CF4-B689-402DDA2038EB}.Release|Any CPU.Build.0 = Release|Any CPU
		{28679F56-9998-4FC3-A871-43DF7262CB6E}.Debug|Any CPU.ActiveCfg = Debug|Any CPU
		{28679F56-9998-4FC3-A871-43DF7262CB6E}.Debug|Any CPU.Build.0 = Debug|Any CPU
		{28679F56-9998-4FC3-A871-43DF7262CB6E}.Release|Any CPU.ActiveCfg = Release|Any CPU
		{28679F56-9998-4FC3-A871-43DF7262CB6E}.Release|Any CPU.Build.0 = Release|Any CPU
		{E34DDDB4-F8E6-4195-B161-6A4CB36658FC}.Debug|Any CPU.ActiveCfg = Debug|Any CPU
		{E34DDDB4-F8E6-4195-B161-6A4CB36658FC}.Debug|Any CPU.Build.0 = Debug|Any CPU
		{E34DDDB4-F8E6-4195-B161-6A4CB36658FC}.Release|Any CPU.ActiveCfg = Release|Any CPU
		{E34DDDB4-F8E6-4195-B161-6A4CB36658FC}.Release|Any CPU.Build.0 = Release|Any CPU
		{120BE707-CF4A-48F3-A2F6-35CB3789F8F2}.Debug|Any CPU.ActiveCfg = Debug|Any CPU
		{120BE707-CF4A-48F3-A2F6-35CB3789F8F2}.Debug|Any CPU.Build.0 = Debug|Any CPU
		{120BE707-CF4A-48F3-A2F6-35CB3789F8F2}.Release|Any CPU.ActiveCfg = Release|Any CPU
		{120BE707-CF4A-48F3-A2F6-35CB3789F8F2}.Release|Any CPU.Build.0 = Release|Any CPU
		{518FCA77-18F9-4E91-A966-58EC50F03822}.Debug|Any CPU.ActiveCfg = Debug|Any CPU
		{518FCA77-18F9-4E91-A966-58EC50F03822}.Debug|Any CPU.Build.0 = Debug|Any CPU
		{518FCA77-18F9-4E91-A966-58EC50F03822}.Release|Any CPU.ActiveCfg = Release|Any CPU
		{518FCA77-18F9-4E91-A966-58EC50F03822}.Release|Any CPU.Build.0 = Release|Any CPU
		{CD5C7225-9FDE-4156-A024-53C06240F98E}.Debug|Any CPU.ActiveCfg = Debug|Any CPU
		{CD5C7225-9FDE-4156-A024-53C06240F98E}.Debug|Any CPU.Build.0 = Debug|Any CPU
		{CD5C7225-9FDE-4156-A024-53C06240F98E}.Release|Any CPU.ActiveCfg = Release|Any CPU
		{CD5C7225-9FDE-4156-A024-53C06240F98E}.Release|Any CPU.Build.0 = Release|Any CPU
		{8C337D6B-785F-4967-AD56-D37D84F37551}.Debug|Any CPU.ActiveCfg = Debug|Any CPU
		{8C337D6B-785F-4967-AD56-D37D84F37551}.Debug|Any CPU.Build.0 = Debug|Any CPU
		{8C337D6B-785F-4967-AD56-D37D84F37551}.Release|Any CPU.ActiveCfg = Release|Any CPU
		{8C337D6B-785F-4967-AD56-D37D84F37551}.Release|Any CPU.Build.0 = Release|Any CPU
		{4AFDA874-A1D7-4647-92A3-EA3A1B62582A}.Debug|Any CPU.ActiveCfg = Debug|Any CPU
		{4AFDA874-A1D7-4647-92A3-EA3A1B62582A}.Debug|Any CPU.Build.0 = Debug|Any CPU
		{4AFDA874-A1D7-4647-92A3-EA3A1B62582A}.Release|Any CPU.ActiveCfg = Release|Any CPU
		{4AFDA874-A1D7-4647-92A3-EA3A1B62582A}.Release|Any CPU.Build.0 = Release|Any CPU
	EndGlobalSection
	GlobalSection(SolutionProperties) = preSolution
		HideSolutionNode = FALSE
	EndGlobalSection
	GlobalSection(NestedProjects) = preSolution
		{6BD36E96-E96B-4399-BE17-A87424D44AD7} = {6C902314-82BD-48FD-8777-5C3AC986E4D3}
		{8615A844-1323-4CF4-B689-402DDA2038EB} = {080D0002-C5F5-400A-9B85-65DEECAD61A9}
		{28679F56-9998-4FC3-A871-43DF7262CB6E} = {2733948C-DAB3-45B6-BE60-64BA3A5289F5}
		{E34DDDB4-F8E6-4195-B161-6A4CB36658FC} = {9FD30EC7-482D-41AB-924C-26CAC3802F45}
		{9FD30EC7-482D-41AB-924C-26CAC3802F45} = {6C902314-82BD-48FD-8777-5C3AC986E4D3}
		{7A307618-3ADF-49DF-A490-A37D4404158D} = {6C902314-82BD-48FD-8777-5C3AC986E4D3}
		{120BE707-CF4A-48F3-A2F6-35CB3789F8F2} = {7A307618-3ADF-49DF-A490-A37D4404158D}
		{518FCA77-18F9-4E91-A966-58EC50F03822} = {C9053423-A2E7-40B9-A483-2F706CFAC955}
		{C9053423-A2E7-40B9-A483-2F706CFAC955} = {080D0002-C5F5-400A-9B85-65DEECAD61A9}
		{CD5C7225-9FDE-4156-A024-53C06240F98E} = {7A307618-3ADF-49DF-A490-A37D4404158D}
		{8C337D6B-785F-4967-AD56-D37D84F37551} = {7A307618-3ADF-49DF-A490-A37D4404158D}
		{4AFDA874-A1D7-4647-92A3-EA3A1B62582A} = {C9053423-A2E7-40B9-A483-2F706CFAC955}
	EndGlobalSection
	GlobalSection(ExtensibilityGlobals) = postSolution
		SolutionGuid = {42D71086-61E6-4D31-B4B8-BFC8CC471428}
	EndGlobalSection
EndGlobal
