
Microsoft Visual Studio Solution File, Format Version 12.00
# Visual Studio Version 16
VisualStudioVersion = 16.0.29123.88
MinimumVisualStudioVersion = 10.0.40219.1
Project("{9A19103F-16F7-4668-BE54-9A1E7A4F7556}") = "Beef.Core", "src\Beef.Core\Beef.Core.csproj", "{6BD36E96-E96B-4399-BE17-A87424D44AD7}"
EndProject
Project("{2150E333-8FDC-42A3-9474-1A3956D46DE8}") = "src", "src", "{6C902314-82BD-48FD-8777-5C3AC986E4D3}"
EndProject
Project("{2150E333-8FDC-42A3-9474-1A3956D46DE8}") = "tests", "tests", "{080D0002-C5F5-400A-9B85-65DEECAD61A9}"
EndProject
Project("{9A19103F-16F7-4668-BE54-9A1E7A4F7556}") = "Beef.Core.UnitTest", "tests\Beef.Core.UnitTest\Beef.Core.UnitTest.csproj", "{8615A844-1323-4CF4-B689-402DDA2038EB}"
EndProject
Project("{2150E333-8FDC-42A3-9474-1A3956D46DE8}") = "tools", "tools", "{2733948C-DAB3-45B6-BE60-64BA3A5289F5}"
EndProject
Project("{9A19103F-16F7-4668-BE54-9A1E7A4F7556}") = "Beef.Test.NUnit", "tools\Beef.Test.NUnit\Beef.Test.NUnit.csproj", "{28679F56-9998-4FC3-A871-43DF7262CB6E}"
EndProject
Project("{9A19103F-16F7-4668-BE54-9A1E7A4F7556}") = "Beef.AspNetCore.WebApi", "src\Beef.AspNetCore.WebApi\Beef.AspNetCore.WebApi.csproj", "{E34DDDB4-F8E6-4195-B161-6A4CB36658FC}"
EndProject
Project("{2150E333-8FDC-42A3-9474-1A3956D46DE8}") = "AspNet", "AspNet", "{9FD30EC7-482D-41AB-924C-26CAC3802F45}"
EndProject
Project("{2150E333-8FDC-42A3-9474-1A3956D46DE8}") = "Data", "Data", "{7A307618-3ADF-49DF-A490-A37D4404158D}"
EndProject
Project("{9A19103F-16F7-4668-BE54-9A1E7A4F7556}") = "Beef.Data.Database", "src\Beef.Data.Database\Beef.Data.Database.csproj", "{120BE707-CF4A-48F3-A2F6-35CB3789F8F2}"
EndProject
Project("{9A19103F-16F7-4668-BE54-9A1E7A4F7556}") = "Beef.Data.Database.UnitTest", "tests\Beef.Data.Database.UnitTest\Beef.Data.Database.UnitTest.csproj", "{518FCA77-18F9-4E91-A966-58EC50F03822}"
EndProject
Project("{2150E333-8FDC-42A3-9474-1A3956D46DE8}") = "Data", "Data", "{C9053423-A2E7-40B9-A483-2F706CFAC955}"
EndProject
Project("{9A19103F-16F7-4668-BE54-9A1E7A4F7556}") = "Beef.Data.EntityFrameworkCore", "src\Beef.Data.EntityFrameworkCore\Beef.Data.EntityFrameworkCore.csproj", "{CD5C7225-9FDE-4156-A024-53C06240F98E}"
EndProject
Project("{9A19103F-16F7-4668-BE54-9A1E7A4F7556}") = "Beef.Data.OData", "src\Beef.Data.OData\Beef.Data.OData.csproj", "{8C337D6B-785F-4967-AD56-D37D84F37551}"
EndProject
Project("{9A19103F-16F7-4668-BE54-9A1E7A4F7556}") = "Beef.Data.OData.UnitTest", "tests\Beef.Data.OData.UnitTest\Beef.Data.OData.UnitTest.csproj", "{4AFDA874-A1D7-4647-92A3-EA3A1B62582A}"
EndProject
Project("{9A19103F-16F7-4668-BE54-9A1E7A4F7556}") = "Beef.CodeGen.Core", "tools\Beef.CodeGen.Core\Beef.CodeGen.Core.csproj", "{3BE6ED7D-8480-4574-919F-128E37EF4641}"
EndProject
Project("{9A19103F-16F7-4668-BE54-9A1E7A4F7556}") = "Beef.Database.Core", "tools\Beef.Database.Core\Beef.Database.Core.csproj", "{96E2CB96-E268-4638-9E31-138DA82E0EEC}"
EndProject
Project("{2150E333-8FDC-42A3-9474-1A3956D46DE8}") = "samples", "samples", "{2CD70532-8E64-46DF-A895-B41234BAC290}"
EndProject
Project("{2150E333-8FDC-42A3-9474-1A3956D46DE8}") = "Beef.Demo", "Beef.Demo", "{FDB20FC0-9D38-4E22-87EF-2865877B0F84}"
	ProjectSection(SolutionItems) = preProject
		samples\Demo\README.md = samples\Demo\README.md
		samples\Demo\RegenerateAll.ps1 = samples\Demo\RegenerateAll.ps1
	EndProjectSection
EndProject
Project("{2150E333-8FDC-42A3-9474-1A3956D46DE8}") = "Testing", "Testing", "{104CA8C9-84F6-4B5C-9576-F25ADA255CF0}"
EndProject
Project("{2150E333-8FDC-42A3-9474-1A3956D46DE8}") = "Tools", "Tools", "{DAB57C2C-BA78-4F85-8219-C62F794AF42A}"
EndProject
Project("{9A19103F-16F7-4668-BE54-9A1E7A4F7556}") = "Beef.Demo.Business", "samples\Demo\Beef.Demo.Business\Beef.Demo.Business.csproj", "{247B336D-F1E5-49DF-B4C4-228BF701A8E9}"
EndProject
Project("{9A19103F-16F7-4668-BE54-9A1E7A4F7556}") = "Beef.Demo.Common", "samples\Demo\Beef.Demo.Common\Beef.Demo.Common.csproj", "{94E91A5D-13E7-4E05-BF13-9192FE36B6C4}"
EndProject
Project("{9A19103F-16F7-4668-BE54-9A1E7A4F7556}") = "Beef.Demo.Api", "samples\Demo\Beef.Demo.Api\Beef.Demo.Api.csproj", "{0C06AF3B-446B-4EAB-9BF7-5F45FADBFAB4}"
EndProject
Project("{9A19103F-16F7-4668-BE54-9A1E7A4F7556}") = "Beef.Demo.CodeGen", "samples\Demo\Beef.Demo.CodeGen\Beef.Demo.CodeGen.csproj", "{B98BD77B-EE3A-448D-91F2-C388D845842E}"
EndProject
Project("{9A19103F-16F7-4668-BE54-9A1E7A4F7556}") = "Beef.Demo.Database", "samples\Demo\Beef.Demo.Database\Beef.Demo.Database.csproj", "{375C6045-1D8D-4EA1-80EB-039DC5B924BB}"
EndProject
Project("{9A19103F-16F7-4668-BE54-9A1E7A4F7556}") = "Beef.Demo.Test", "samples\Demo\Beef.Demo.Test\Beef.Demo.Test.csproj", "{4E2D2A1D-E32E-4A69-92DD-C3256660824B}"
EndProject
Project("{2150E333-8FDC-42A3-9474-1A3956D46DE8}") = "nuget", "nuget", "{72030FB2-0855-48FD-B903-FEB6B47B3372}"
	ProjectSection(SolutionItems) = preProject
		nuget-publish.ps1 = nuget-publish.ps1
	EndProjectSection
EndProject
Project("{9A19103F-16F7-4668-BE54-9A1E7A4F7556}") = "Beef.Data.Cosmos", "src\Beef.Data.Cosmos\Beef.Data.Cosmos.csproj", "{7A43C896-8053-4616-927C-6388FE569661}"
EndProject
Project("{2150E333-8FDC-42A3-9474-1A3956D46DE8}") = "templates", "templates", "{77ECA3D1-6729-47C5-ABA7-17E28B8085F6}"
EndProject
Project("{9A19103F-16F7-4668-BE54-9A1E7A4F7556}") = "Beef.Template.Solution", "templates\Beef.Template.Solution\Beef.Template.Solution.csproj", "{F0F395D7-02B6-4B2E-8AF2-738F62BC2106}"
EndProject
Project("{9A19103F-16F7-4668-BE54-9A1E7A4F7556}") = "Beef.Data.Cosmos.UnitTest", "tests\Beef.Data.Cosmos.UnitTest\Beef.Data.Cosmos.UnitTest.csproj", "{018F7CC6-8C43-48B3-9140-9F4815BE7D6B}"
EndProject
Project("{2150E333-8FDC-42A3-9474-1A3956D46DE8}") = "Events", "Events", "{27F12C82-BA12-4B58-BF75-A565C24CE895}"
EndProject
Project("{2150E333-8FDC-42A3-9474-1A3956D46DE8}") = "Events", "Events", "{0CB9880F-EA51-4B79-990A-879BF4DF79D8}"
EndProject
Project("{9A19103F-16F7-4668-BE54-9A1E7A4F7556}") = "Beef.Events", "src\Beef.Events\Beef.Events.csproj", "{BBD6C366-E164-4C81-A96A-1B29E726861D}"
EndProject
Project("{9A19103F-16F7-4668-BE54-9A1E7A4F7556}") = "Beef.Events.UnitTest", "tests\Beef.Events.UnitTest\Beef.Events.UnitTest.csproj", "{3ACC6EBD-E622-41E2-9E3A-2BD26EB50A79}"
EndProject
Project("{9A19103F-16F7-4668-BE54-9A1E7A4F7556}") = "Beef.Demo.Functions", "samples\Demo\Beef.Demo.Functions\Beef.Demo.Functions.csproj", "{EF4F8692-6BEA-48D4-ACB2-BAA5B5F4B5F0}"
EndProject
Project("{2150E333-8FDC-42A3-9474-1A3956D46DE8}") = "Solution Items", "Solution Items", "{AB0CF344-34E9-4F67-80F1-808F1687014B}"
	ProjectSection(SolutionItems) = preProject
		.editorconfig = .editorconfig
		.gitignore = .gitignore
		LICENSE = LICENSE
		README.md = README.md
	EndProjectSection
EndProject
Project("{2150E333-8FDC-42A3-9474-1A3956D46DE8}") = "Cdr.Banking", "Cdr.Banking", "{FE16D130-B8FF-4AFA-BD5F-F45307B23256}"
	ProjectSection(SolutionItems) = preProject
		samples\Cdr.Banking\README.md = samples\Cdr.Banking\README.md
	EndProjectSection
EndProject
Project("{2150E333-8FDC-42A3-9474-1A3956D46DE8}") = "Testing", "Testing", "{8C26DAF9-687E-4842-BF32-E0CE4F4A1A0F}"
EndProject
Project("{2150E333-8FDC-42A3-9474-1A3956D46DE8}") = "Tools", "Tools", "{9871CCBA-35EC-41F1-8CAF-61AD5C149DE2}"
EndProject
Project("{9A19103F-16F7-4668-BE54-9A1E7A4F7556}") = "Cdr.Banking.Test", "samples\Cdr.Banking\Cdr.Banking.Test\Cdr.Banking.Test.csproj", "{67094D2A-560E-4F5A-A6A7-E24B46C917C1}"
EndProject
Project("{9A19103F-16F7-4668-BE54-9A1E7A4F7556}") = "Cdr.Banking.CodeGen", "samples\Cdr.Banking\Cdr.Banking.CodeGen\Cdr.Banking.CodeGen.csproj", "{A42A5657-C0A9-4800-A9EB-87068DF3A743}"
EndProject
Project("{9A19103F-16F7-4668-BE54-9A1E7A4F7556}") = "Cdr.Banking.Api", "samples\Cdr.Banking\Cdr.Banking.Api\Cdr.Banking.Api.csproj", "{D4BB4991-4C21-4378-BE7D-5E00329AA75D}"
EndProject
Project("{9A19103F-16F7-4668-BE54-9A1E7A4F7556}") = "Cdr.Banking.Business", "samples\Cdr.Banking\Cdr.Banking.Business\Cdr.Banking.Business.csproj", "{0B3CA592-07FB-484B-A4B8-EE049C020BC3}"
EndProject
Project("{9A19103F-16F7-4668-BE54-9A1E7A4F7556}") = "Cdr.Banking.Common", "samples\Cdr.Banking\Cdr.Banking.Common\Cdr.Banking.Common.csproj", "{87C924BC-AE3B-41CC-8E7B-85A91CFDE6C1}"
EndProject
Project("{9A19103F-16F7-4668-BE54-9A1E7A4F7556}") = "Beef.Template.Solution.UnitTest", "tests\Beef.Template.Solution.UnitTest\Beef.Template.Solution.UnitTest.csproj", "{44E5D241-D57C-4AE3-B9A4-277884A4E034}"
EndProject
Project("{9A19103F-16F7-4668-BE54-9A1E7A4F7556}") = "Beef.Demo.Abc.Database", "samples\Demo\Beef.Demo.Abc.Database\Beef.Demo.Abc.Database.csproj", "{5D6F532E-7DAC-40B3-8A65-D557B34C3605}"
EndProject
Project("{2150E333-8FDC-42A3-9474-1A3956D46DE8}") = "Grpc", "Grpc", "{3C2DB788-C4D6-48E7-9E26-9563B1C59EB5}"
EndProject
Project("{9A19103F-16F7-4668-BE54-9A1E7A4F7556}") = "Beef.Grpc", "src\Beef.Grpc\Beef.Grpc.csproj", "{2AD5436B-10AB-4312-AD25-A9EB70E0C92D}"
EndProject
Project("{2150E333-8FDC-42A3-9474-1A3956D46DE8}") = "My.Hr", "My.Hr", "{FEA11C67-E7C7-49BC-99F5-5E5BF8F8674F}"
	ProjectSection(SolutionItems) = preProject
		samples\My.Hr\README.md = samples\My.Hr\README.md
	EndProjectSection
EndProject
Project("{2150E333-8FDC-42A3-9474-1A3956D46DE8}") = "Testing", "Testing", "{00C76124-DB2C-4653-B8C1-F7260784EA5A}"
EndProject
Project("{2150E333-8FDC-42A3-9474-1A3956D46DE8}") = "Tools", "Tools", "{BFA3B544-8437-4158-A98F-84491B12F472}"
EndProject
Project("{9A19103F-16F7-4668-BE54-9A1E7A4F7556}") = "My.Hr.CodeGen", "samples\My.Hr\My.Hr.CodeGen\My.Hr.CodeGen.csproj", "{E773F133-A920-49A9-96BD-F7BD73A63D0C}"
EndProject
Project("{9A19103F-16F7-4668-BE54-9A1E7A4F7556}") = "My.Hr.Database", "samples\My.Hr\My.Hr.Database\My.Hr.Database.csproj", "{9DEA75E3-5F77-40F5-B8E1-CB5028C41D9F}"
EndProject
Project("{9A19103F-16F7-4668-BE54-9A1E7A4F7556}") = "My.Hr.Api", "samples\My.Hr\My.Hr.Api\My.Hr.Api.csproj", "{B7D52220-ABD0-40B7-9D23-E51B344D97B8}"
EndProject
Project("{9A19103F-16F7-4668-BE54-9A1E7A4F7556}") = "My.Hr.Business", "samples\My.Hr\My.Hr.Business\My.Hr.Business.csproj", "{BD7BDE9B-7F1A-484A-95C3-A5ACCA2A2DA8}"
EndProject
Project("{9A19103F-16F7-4668-BE54-9A1E7A4F7556}") = "My.Hr.Common", "samples\My.Hr\My.Hr.Common\My.Hr.Common.csproj", "{F962F1CC-DA7C-4146-8D36-0E6C74C261E5}"
EndProject
Project("{9A19103F-16F7-4668-BE54-9A1E7A4F7556}") = "My.Hr.Test", "samples\My.Hr\My.Hr.Test\My.Hr.Test.csproj", "{54B168EB-C74D-4588-9D9E-BDD386D84C1F}"
EndProject
Project("{2150E333-8FDC-42A3-9474-1A3956D46DE8}") = "docs", "docs", "{2429F084-A3F8-4F8A-88FF-E3BF5B210C13}"
	ProjectSection(SolutionItems) = preProject
		samples\My.Hr\docs\Employee-Api.md = samples\My.Hr\docs\Employee-Api.md
		samples\My.Hr\docs\Employee-DB.md = samples\My.Hr\docs\Employee-DB.md
		samples\My.Hr\docs\Employee-Search.md = samples\My.Hr\docs\Employee-Search.md
		samples\My.Hr\docs\Employee-Terminate.md = samples\My.Hr\docs\Employee-Terminate.md
		samples\My.Hr\docs\Employee-Test.md = samples\My.Hr\docs\Employee-Test.md
		samples\My.Hr\docs\Performance-Review.md = samples\My.Hr\docs\Performance-Review.md
	EndProjectSection
EndProject
Project("{9A19103F-16F7-4668-BE54-9A1E7A4F7556}") = "Beef.Data.Database.Cdc", "src\Beef.Data.Database.Cdc\Beef.Data.Database.Cdc.csproj", "{6B3BD95B-E789-4EBA-B295-99E7A48B9120}"
EndProject
Project("{9A19103F-16F7-4668-BE54-9A1E7A4F7556}") = "Beef.Demo.EventSend", "samples\Demo\Beef.Demo.EventSend\Beef.Demo.EventSend.csproj", "{FAD69D7A-1625-4C1E-973D-BADBE980865C}"
EndProject
Project("{9A19103F-16F7-4668-BE54-9A1E7A4F7556}") = "Beef.Events.EventHubs", "src\Beef.Events.EventHubs\Beef.Events.EventHubs.csproj", "{1FA5CBD1-A24C-40C7-A4F2-51602C4C0F51}"
EndProject
Project("{9A19103F-16F7-4668-BE54-9A1E7A4F7556}") = "Beef.Events.ServiceBus", "src\Beef.Events.ServiceBus\Beef.Events.ServiceBus.csproj", "{9B0F41D0-9731-42F2-AE9A-0ACAE286B873}"
EndProject
Project("{2150E333-8FDC-42A3-9474-1A3956D46DE8}") = "Xyz.Legacy", "Xyz.Legacy", "{3B72E22B-BF88-4E55-A52A-4C4603E6B52F}"
	ProjectSection(SolutionItems) = preProject
		samples\Xyz.Legacy\CreateDb.sql = samples\Xyz.Legacy\CreateDb.sql
		samples\Xyz.Legacy\README.md = samples\Xyz.Legacy\README.md
	EndProjectSection
EndProject
Project("{9A19103F-16F7-4668-BE54-9A1E7A4F7556}") = "Xyz.Legacy.CdcCodeGen", "samples\Xyz.Legacy\Xyz.Legacy.CdcCodeGen\Xyz.Legacy.CdcCodeGen.csproj", "{5BD012DA-EC4C-4B0E-9D1D-CC2D6E80DF05}"
EndProject
Project("{00D1A9C2-B5F0-4AF3-8072-F6C62B433612}") = "Xyz.Legacy.CdcDatabase", "samples\Xyz.Legacy\Xyz.Legacy.CdcDatabase\Xyz.Legacy.CdcDatabase.sqlproj", "{FBA6C847-80C1-49C5-91D9-D4F3DCF4B154}"
EndProject
Project("{9A19103F-16F7-4668-BE54-9A1E7A4F7556}") = "Xyz.Legacy.CdcPublisher", "samples\Xyz.Legacy\Xyz.Legacy.CdcPublisher\Xyz.Legacy.CdcPublisher.csproj", "{42E31A7B-2286-49D4-999D-A6375E8951A8}"
EndProject
Project("{9A19103F-16F7-4668-BE54-9A1E7A4F7556}") = "Xyz.Legacy.CdcReceiver", "samples\Xyz.Legacy\Xyz.Legacy.CdcReceiver\Xyz.Legacy.CdcReceiver.csproj", "{ED0BC7CD-50A6-4EE4-875F-8E4511F39314}"
EndProject
Project("{9A19103F-16F7-4668-BE54-9A1E7A4F7556}") = "Beef.Demo.CdcPublisher", "samples\Demo\Beef.Demo.CdcPublisher\Beef.Demo.CdcPublisher.csproj", "{EAC3FFA7-CF82-457B-923E-02CA75131553}"
EndProject
Project("{9A19103F-16F7-4668-BE54-9A1E7A4F7556}") = "Beef.Abstractions", "src\Beef.Abstractions\Beef.Abstractions.csproj", "{DA051F63-A77F-49C1-92E1-DA9938BAC8FA}"
EndProject
Global
	GlobalSection(SolutionConfigurationPlatforms) = preSolution
		Debug|Any CPU = Debug|Any CPU
		Release|Any CPU = Release|Any CPU
	EndGlobalSection
	GlobalSection(ProjectConfigurationPlatforms) = postSolution
		{6BD36E96-E96B-4399-BE17-A87424D44AD7}.Debug|Any CPU.ActiveCfg = Debug|Any CPU
		{6BD36E96-E96B-4399-BE17-A87424D44AD7}.Debug|Any CPU.Build.0 = Debug|Any CPU
		{6BD36E96-E96B-4399-BE17-A87424D44AD7}.Release|Any CPU.ActiveCfg = Release|Any CPU
		{6BD36E96-E96B-4399-BE17-A87424D44AD7}.Release|Any CPU.Build.0 = Release|Any CPU
		{8615A844-1323-4CF4-B689-402DDA2038EB}.Debug|Any CPU.ActiveCfg = Debug|Any CPU
		{8615A844-1323-4CF4-B689-402DDA2038EB}.Debug|Any CPU.Build.0 = Debug|Any CPU
		{8615A844-1323-4CF4-B689-402DDA2038EB}.Release|Any CPU.ActiveCfg = Release|Any CPU
		{8615A844-1323-4CF4-B689-402DDA2038EB}.Release|Any CPU.Build.0 = Release|Any CPU
		{28679F56-9998-4FC3-A871-43DF7262CB6E}.Debug|Any CPU.ActiveCfg = Debug|Any CPU
		{28679F56-9998-4FC3-A871-43DF7262CB6E}.Debug|Any CPU.Build.0 = Debug|Any CPU
		{28679F56-9998-4FC3-A871-43DF7262CB6E}.Release|Any CPU.ActiveCfg = Release|Any CPU
		{28679F56-9998-4FC3-A871-43DF7262CB6E}.Release|Any CPU.Build.0 = Release|Any CPU
		{E34DDDB4-F8E6-4195-B161-6A4CB36658FC}.Debug|Any CPU.ActiveCfg = Debug|Any CPU
		{E34DDDB4-F8E6-4195-B161-6A4CB36658FC}.Debug|Any CPU.Build.0 = Debug|Any CPU
		{E34DDDB4-F8E6-4195-B161-6A4CB36658FC}.Release|Any CPU.ActiveCfg = Release|Any CPU
		{E34DDDB4-F8E6-4195-B161-6A4CB36658FC}.Release|Any CPU.Build.0 = Release|Any CPU
		{120BE707-CF4A-48F3-A2F6-35CB3789F8F2}.Debug|Any CPU.ActiveCfg = Debug|Any CPU
		{120BE707-CF4A-48F3-A2F6-35CB3789F8F2}.Debug|Any CPU.Build.0 = Debug|Any CPU
		{120BE707-CF4A-48F3-A2F6-35CB3789F8F2}.Release|Any CPU.ActiveCfg = Release|Any CPU
		{120BE707-CF4A-48F3-A2F6-35CB3789F8F2}.Release|Any CPU.Build.0 = Release|Any CPU
		{518FCA77-18F9-4E91-A966-58EC50F03822}.Debug|Any CPU.ActiveCfg = Debug|Any CPU
		{518FCA77-18F9-4E91-A966-58EC50F03822}.Debug|Any CPU.Build.0 = Debug|Any CPU
		{518FCA77-18F9-4E91-A966-58EC50F03822}.Release|Any CPU.ActiveCfg = Release|Any CPU
		{518FCA77-18F9-4E91-A966-58EC50F03822}.Release|Any CPU.Build.0 = Release|Any CPU
		{CD5C7225-9FDE-4156-A024-53C06240F98E}.Debug|Any CPU.ActiveCfg = Debug|Any CPU
		{CD5C7225-9FDE-4156-A024-53C06240F98E}.Debug|Any CPU.Build.0 = Debug|Any CPU
		{CD5C7225-9FDE-4156-A024-53C06240F98E}.Release|Any CPU.ActiveCfg = Release|Any CPU
		{CD5C7225-9FDE-4156-A024-53C06240F98E}.Release|Any CPU.Build.0 = Release|Any CPU
		{8C337D6B-785F-4967-AD56-D37D84F37551}.Debug|Any CPU.ActiveCfg = Debug|Any CPU
		{8C337D6B-785F-4967-AD56-D37D84F37551}.Debug|Any CPU.Build.0 = Debug|Any CPU
		{8C337D6B-785F-4967-AD56-D37D84F37551}.Release|Any CPU.ActiveCfg = Release|Any CPU
		{8C337D6B-785F-4967-AD56-D37D84F37551}.Release|Any CPU.Build.0 = Release|Any CPU
		{4AFDA874-A1D7-4647-92A3-EA3A1B62582A}.Debug|Any CPU.ActiveCfg = Debug|Any CPU
		{4AFDA874-A1D7-4647-92A3-EA3A1B62582A}.Debug|Any CPU.Build.0 = Debug|Any CPU
		{4AFDA874-A1D7-4647-92A3-EA3A1B62582A}.Release|Any CPU.ActiveCfg = Release|Any CPU
		{4AFDA874-A1D7-4647-92A3-EA3A1B62582A}.Release|Any CPU.Build.0 = Release|Any CPU
		{3BE6ED7D-8480-4574-919F-128E37EF4641}.Debug|Any CPU.ActiveCfg = Debug|Any CPU
		{3BE6ED7D-8480-4574-919F-128E37EF4641}.Debug|Any CPU.Build.0 = Debug|Any CPU
		{3BE6ED7D-8480-4574-919F-128E37EF4641}.Release|Any CPU.ActiveCfg = Release|Any CPU
		{3BE6ED7D-8480-4574-919F-128E37EF4641}.Release|Any CPU.Build.0 = Release|Any CPU
		{96E2CB96-E268-4638-9E31-138DA82E0EEC}.Debug|Any CPU.ActiveCfg = Debug|Any CPU
		{96E2CB96-E268-4638-9E31-138DA82E0EEC}.Debug|Any CPU.Build.0 = Debug|Any CPU
		{96E2CB96-E268-4638-9E31-138DA82E0EEC}.Release|Any CPU.ActiveCfg = Release|Any CPU
		{96E2CB96-E268-4638-9E31-138DA82E0EEC}.Release|Any CPU.Build.0 = Release|Any CPU
		{247B336D-F1E5-49DF-B4C4-228BF701A8E9}.Debug|Any CPU.ActiveCfg = Debug|Any CPU
		{247B336D-F1E5-49DF-B4C4-228BF701A8E9}.Debug|Any CPU.Build.0 = Debug|Any CPU
		{247B336D-F1E5-49DF-B4C4-228BF701A8E9}.Release|Any CPU.ActiveCfg = Release|Any CPU
		{247B336D-F1E5-49DF-B4C4-228BF701A8E9}.Release|Any CPU.Build.0 = Release|Any CPU
		{94E91A5D-13E7-4E05-BF13-9192FE36B6C4}.Debug|Any CPU.ActiveCfg = Debug|Any CPU
		{94E91A5D-13E7-4E05-BF13-9192FE36B6C4}.Debug|Any CPU.Build.0 = Debug|Any CPU
		{94E91A5D-13E7-4E05-BF13-9192FE36B6C4}.Release|Any CPU.ActiveCfg = Release|Any CPU
		{94E91A5D-13E7-4E05-BF13-9192FE36B6C4}.Release|Any CPU.Build.0 = Release|Any CPU
		{0C06AF3B-446B-4EAB-9BF7-5F45FADBFAB4}.Debug|Any CPU.ActiveCfg = Debug|Any CPU
		{0C06AF3B-446B-4EAB-9BF7-5F45FADBFAB4}.Debug|Any CPU.Build.0 = Debug|Any CPU
		{0C06AF3B-446B-4EAB-9BF7-5F45FADBFAB4}.Release|Any CPU.ActiveCfg = Release|Any CPU
		{0C06AF3B-446B-4EAB-9BF7-5F45FADBFAB4}.Release|Any CPU.Build.0 = Release|Any CPU
		{B98BD77B-EE3A-448D-91F2-C388D845842E}.Debug|Any CPU.ActiveCfg = Debug|Any CPU
		{B98BD77B-EE3A-448D-91F2-C388D845842E}.Debug|Any CPU.Build.0 = Debug|Any CPU
		{B98BD77B-EE3A-448D-91F2-C388D845842E}.Release|Any CPU.ActiveCfg = Release|Any CPU
		{B98BD77B-EE3A-448D-91F2-C388D845842E}.Release|Any CPU.Build.0 = Release|Any CPU
		{375C6045-1D8D-4EA1-80EB-039DC5B924BB}.Debug|Any CPU.ActiveCfg = Debug|Any CPU
		{375C6045-1D8D-4EA1-80EB-039DC5B924BB}.Debug|Any CPU.Build.0 = Debug|Any CPU
		{375C6045-1D8D-4EA1-80EB-039DC5B924BB}.Release|Any CPU.ActiveCfg = Release|Any CPU
		{375C6045-1D8D-4EA1-80EB-039DC5B924BB}.Release|Any CPU.Build.0 = Release|Any CPU
		{4E2D2A1D-E32E-4A69-92DD-C3256660824B}.Debug|Any CPU.ActiveCfg = Debug|Any CPU
		{4E2D2A1D-E32E-4A69-92DD-C3256660824B}.Debug|Any CPU.Build.0 = Debug|Any CPU
		{4E2D2A1D-E32E-4A69-92DD-C3256660824B}.Release|Any CPU.ActiveCfg = Release|Any CPU
		{4E2D2A1D-E32E-4A69-92DD-C3256660824B}.Release|Any CPU.Build.0 = Release|Any CPU
		{7A43C896-8053-4616-927C-6388FE569661}.Debug|Any CPU.ActiveCfg = Debug|Any CPU
		{7A43C896-8053-4616-927C-6388FE569661}.Debug|Any CPU.Build.0 = Debug|Any CPU
		{7A43C896-8053-4616-927C-6388FE569661}.Release|Any CPU.ActiveCfg = Release|Any CPU
		{7A43C896-8053-4616-927C-6388FE569661}.Release|Any CPU.Build.0 = Release|Any CPU
		{F0F395D7-02B6-4B2E-8AF2-738F62BC2106}.Debug|Any CPU.ActiveCfg = Debug|Any CPU
		{F0F395D7-02B6-4B2E-8AF2-738F62BC2106}.Debug|Any CPU.Build.0 = Debug|Any CPU
		{F0F395D7-02B6-4B2E-8AF2-738F62BC2106}.Release|Any CPU.ActiveCfg = Release|Any CPU
		{F0F395D7-02B6-4B2E-8AF2-738F62BC2106}.Release|Any CPU.Build.0 = Release|Any CPU
		{018F7CC6-8C43-48B3-9140-9F4815BE7D6B}.Debug|Any CPU.ActiveCfg = Debug|Any CPU
		{018F7CC6-8C43-48B3-9140-9F4815BE7D6B}.Debug|Any CPU.Build.0 = Debug|Any CPU
		{018F7CC6-8C43-48B3-9140-9F4815BE7D6B}.Release|Any CPU.ActiveCfg = Release|Any CPU
		{018F7CC6-8C43-48B3-9140-9F4815BE7D6B}.Release|Any CPU.Build.0 = Release|Any CPU
		{BBD6C366-E164-4C81-A96A-1B29E726861D}.Debug|Any CPU.ActiveCfg = Debug|Any CPU
		{BBD6C366-E164-4C81-A96A-1B29E726861D}.Debug|Any CPU.Build.0 = Debug|Any CPU
		{BBD6C366-E164-4C81-A96A-1B29E726861D}.Release|Any CPU.ActiveCfg = Release|Any CPU
		{BBD6C366-E164-4C81-A96A-1B29E726861D}.Release|Any CPU.Build.0 = Release|Any CPU
		{3ACC6EBD-E622-41E2-9E3A-2BD26EB50A79}.Debug|Any CPU.ActiveCfg = Debug|Any CPU
		{3ACC6EBD-E622-41E2-9E3A-2BD26EB50A79}.Debug|Any CPU.Build.0 = Debug|Any CPU
		{3ACC6EBD-E622-41E2-9E3A-2BD26EB50A79}.Release|Any CPU.ActiveCfg = Release|Any CPU
		{3ACC6EBD-E622-41E2-9E3A-2BD26EB50A79}.Release|Any CPU.Build.0 = Release|Any CPU
		{EF4F8692-6BEA-48D4-ACB2-BAA5B5F4B5F0}.Debug|Any CPU.ActiveCfg = Debug|Any CPU
		{EF4F8692-6BEA-48D4-ACB2-BAA5B5F4B5F0}.Debug|Any CPU.Build.0 = Debug|Any CPU
		{EF4F8692-6BEA-48D4-ACB2-BAA5B5F4B5F0}.Release|Any CPU.ActiveCfg = Release|Any CPU
		{EF4F8692-6BEA-48D4-ACB2-BAA5B5F4B5F0}.Release|Any CPU.Build.0 = Release|Any CPU
		{67094D2A-560E-4F5A-A6A7-E24B46C917C1}.Debug|Any CPU.ActiveCfg = Debug|Any CPU
		{67094D2A-560E-4F5A-A6A7-E24B46C917C1}.Debug|Any CPU.Build.0 = Debug|Any CPU
		{67094D2A-560E-4F5A-A6A7-E24B46C917C1}.Release|Any CPU.ActiveCfg = Release|Any CPU
		{67094D2A-560E-4F5A-A6A7-E24B46C917C1}.Release|Any CPU.Build.0 = Release|Any CPU
		{A42A5657-C0A9-4800-A9EB-87068DF3A743}.Debug|Any CPU.ActiveCfg = Debug|Any CPU
		{A42A5657-C0A9-4800-A9EB-87068DF3A743}.Debug|Any CPU.Build.0 = Debug|Any CPU
		{A42A5657-C0A9-4800-A9EB-87068DF3A743}.Release|Any CPU.ActiveCfg = Release|Any CPU
		{A42A5657-C0A9-4800-A9EB-87068DF3A743}.Release|Any CPU.Build.0 = Release|Any CPU
		{D4BB4991-4C21-4378-BE7D-5E00329AA75D}.Debug|Any CPU.ActiveCfg = Debug|Any CPU
		{D4BB4991-4C21-4378-BE7D-5E00329AA75D}.Debug|Any CPU.Build.0 = Debug|Any CPU
		{D4BB4991-4C21-4378-BE7D-5E00329AA75D}.Release|Any CPU.ActiveCfg = Release|Any CPU
		{D4BB4991-4C21-4378-BE7D-5E00329AA75D}.Release|Any CPU.Build.0 = Release|Any CPU
		{0B3CA592-07FB-484B-A4B8-EE049C020BC3}.Debug|Any CPU.ActiveCfg = Debug|Any CPU
		{0B3CA592-07FB-484B-A4B8-EE049C020BC3}.Debug|Any CPU.Build.0 = Debug|Any CPU
		{0B3CA592-07FB-484B-A4B8-EE049C020BC3}.Release|Any CPU.ActiveCfg = Release|Any CPU
		{0B3CA592-07FB-484B-A4B8-EE049C020BC3}.Release|Any CPU.Build.0 = Release|Any CPU
		{87C924BC-AE3B-41CC-8E7B-85A91CFDE6C1}.Debug|Any CPU.ActiveCfg = Debug|Any CPU
		{87C924BC-AE3B-41CC-8E7B-85A91CFDE6C1}.Debug|Any CPU.Build.0 = Debug|Any CPU
		{87C924BC-AE3B-41CC-8E7B-85A91CFDE6C1}.Release|Any CPU.ActiveCfg = Release|Any CPU
		{87C924BC-AE3B-41CC-8E7B-85A91CFDE6C1}.Release|Any CPU.Build.0 = Release|Any CPU
		{44E5D241-D57C-4AE3-B9A4-277884A4E034}.Debug|Any CPU.ActiveCfg = Debug|Any CPU
		{44E5D241-D57C-4AE3-B9A4-277884A4E034}.Debug|Any CPU.Build.0 = Debug|Any CPU
		{44E5D241-D57C-4AE3-B9A4-277884A4E034}.Release|Any CPU.ActiveCfg = Release|Any CPU
		{44E5D241-D57C-4AE3-B9A4-277884A4E034}.Release|Any CPU.Build.0 = Release|Any CPU
		{5D6F532E-7DAC-40B3-8A65-D557B34C3605}.Debug|Any CPU.ActiveCfg = Debug|Any CPU
		{5D6F532E-7DAC-40B3-8A65-D557B34C3605}.Debug|Any CPU.Build.0 = Debug|Any CPU
		{5D6F532E-7DAC-40B3-8A65-D557B34C3605}.Release|Any CPU.ActiveCfg = Release|Any CPU
		{5D6F532E-7DAC-40B3-8A65-D557B34C3605}.Release|Any CPU.Build.0 = Release|Any CPU
		{2AD5436B-10AB-4312-AD25-A9EB70E0C92D}.Debug|Any CPU.ActiveCfg = Debug|Any CPU
		{2AD5436B-10AB-4312-AD25-A9EB70E0C92D}.Debug|Any CPU.Build.0 = Debug|Any CPU
		{2AD5436B-10AB-4312-AD25-A9EB70E0C92D}.Release|Any CPU.ActiveCfg = Release|Any CPU
		{2AD5436B-10AB-4312-AD25-A9EB70E0C92D}.Release|Any CPU.Build.0 = Release|Any CPU
		{E773F133-A920-49A9-96BD-F7BD73A63D0C}.Debug|Any CPU.ActiveCfg = Debug|Any CPU
		{E773F133-A920-49A9-96BD-F7BD73A63D0C}.Debug|Any CPU.Build.0 = Debug|Any CPU
		{E773F133-A920-49A9-96BD-F7BD73A63D0C}.Release|Any CPU.ActiveCfg = Release|Any CPU
		{E773F133-A920-49A9-96BD-F7BD73A63D0C}.Release|Any CPU.Build.0 = Release|Any CPU
		{9DEA75E3-5F77-40F5-B8E1-CB5028C41D9F}.Debug|Any CPU.ActiveCfg = Debug|Any CPU
		{9DEA75E3-5F77-40F5-B8E1-CB5028C41D9F}.Debug|Any CPU.Build.0 = Debug|Any CPU
		{9DEA75E3-5F77-40F5-B8E1-CB5028C41D9F}.Release|Any CPU.ActiveCfg = Release|Any CPU
		{9DEA75E3-5F77-40F5-B8E1-CB5028C41D9F}.Release|Any CPU.Build.0 = Release|Any CPU
		{B7D52220-ABD0-40B7-9D23-E51B344D97B8}.Debug|Any CPU.ActiveCfg = Debug|Any CPU
		{B7D52220-ABD0-40B7-9D23-E51B344D97B8}.Debug|Any CPU.Build.0 = Debug|Any CPU
		{B7D52220-ABD0-40B7-9D23-E51B344D97B8}.Release|Any CPU.ActiveCfg = Release|Any CPU
		{B7D52220-ABD0-40B7-9D23-E51B344D97B8}.Release|Any CPU.Build.0 = Release|Any CPU
		{BD7BDE9B-7F1A-484A-95C3-A5ACCA2A2DA8}.Debug|Any CPU.ActiveCfg = Debug|Any CPU
		{BD7BDE9B-7F1A-484A-95C3-A5ACCA2A2DA8}.Debug|Any CPU.Build.0 = Debug|Any CPU
		{BD7BDE9B-7F1A-484A-95C3-A5ACCA2A2DA8}.Release|Any CPU.ActiveCfg = Release|Any CPU
		{BD7BDE9B-7F1A-484A-95C3-A5ACCA2A2DA8}.Release|Any CPU.Build.0 = Release|Any CPU
		{F962F1CC-DA7C-4146-8D36-0E6C74C261E5}.Debug|Any CPU.ActiveCfg = Debug|Any CPU
		{F962F1CC-DA7C-4146-8D36-0E6C74C261E5}.Debug|Any CPU.Build.0 = Debug|Any CPU
		{F962F1CC-DA7C-4146-8D36-0E6C74C261E5}.Release|Any CPU.ActiveCfg = Release|Any CPU
		{F962F1CC-DA7C-4146-8D36-0E6C74C261E5}.Release|Any CPU.Build.0 = Release|Any CPU
		{54B168EB-C74D-4588-9D9E-BDD386D84C1F}.Debug|Any CPU.ActiveCfg = Debug|Any CPU
		{54B168EB-C74D-4588-9D9E-BDD386D84C1F}.Debug|Any CPU.Build.0 = Debug|Any CPU
		{54B168EB-C74D-4588-9D9E-BDD386D84C1F}.Release|Any CPU.ActiveCfg = Release|Any CPU
		{54B168EB-C74D-4588-9D9E-BDD386D84C1F}.Release|Any CPU.Build.0 = Release|Any CPU
		{6B3BD95B-E789-4EBA-B295-99E7A48B9120}.Debug|Any CPU.ActiveCfg = Debug|Any CPU
		{6B3BD95B-E789-4EBA-B295-99E7A48B9120}.Debug|Any CPU.Build.0 = Debug|Any CPU
		{6B3BD95B-E789-4EBA-B295-99E7A48B9120}.Release|Any CPU.ActiveCfg = Release|Any CPU
		{6B3BD95B-E789-4EBA-B295-99E7A48B9120}.Release|Any CPU.Build.0 = Release|Any CPU
		{FAD69D7A-1625-4C1E-973D-BADBE980865C}.Debug|Any CPU.ActiveCfg = Debug|Any CPU
		{FAD69D7A-1625-4C1E-973D-BADBE980865C}.Debug|Any CPU.Build.0 = Debug|Any CPU
		{FAD69D7A-1625-4C1E-973D-BADBE980865C}.Release|Any CPU.ActiveCfg = Release|Any CPU
		{FAD69D7A-1625-4C1E-973D-BADBE980865C}.Release|Any CPU.Build.0 = Release|Any CPU
		{1FA5CBD1-A24C-40C7-A4F2-51602C4C0F51}.Debug|Any CPU.ActiveCfg = Debug|Any CPU
		{1FA5CBD1-A24C-40C7-A4F2-51602C4C0F51}.Debug|Any CPU.Build.0 = Debug|Any CPU
		{1FA5CBD1-A24C-40C7-A4F2-51602C4C0F51}.Release|Any CPU.ActiveCfg = Release|Any CPU
		{1FA5CBD1-A24C-40C7-A4F2-51602C4C0F51}.Release|Any CPU.Build.0 = Release|Any CPU
		{9B0F41D0-9731-42F2-AE9A-0ACAE286B873}.Debug|Any CPU.ActiveCfg = Debug|Any CPU
		{9B0F41D0-9731-42F2-AE9A-0ACAE286B873}.Debug|Any CPU.Build.0 = Debug|Any CPU
		{9B0F41D0-9731-42F2-AE9A-0ACAE286B873}.Release|Any CPU.ActiveCfg = Release|Any CPU
		{9B0F41D0-9731-42F2-AE9A-0ACAE286B873}.Release|Any CPU.Build.0 = Release|Any CPU
		{5BD012DA-EC4C-4B0E-9D1D-CC2D6E80DF05}.Debug|Any CPU.ActiveCfg = Debug|Any CPU
		{5BD012DA-EC4C-4B0E-9D1D-CC2D6E80DF05}.Debug|Any CPU.Build.0 = Debug|Any CPU
		{5BD012DA-EC4C-4B0E-9D1D-CC2D6E80DF05}.Release|Any CPU.ActiveCfg = Release|Any CPU
		{5BD012DA-EC4C-4B0E-9D1D-CC2D6E80DF05}.Release|Any CPU.Build.0 = Release|Any CPU
		{FBA6C847-80C1-49C5-91D9-D4F3DCF4B154}.Debug|Any CPU.ActiveCfg = Debug|Any CPU
		{FBA6C847-80C1-49C5-91D9-D4F3DCF4B154}.Debug|Any CPU.Build.0 = Debug|Any CPU
		{FBA6C847-80C1-49C5-91D9-D4F3DCF4B154}.Debug|Any CPU.Deploy.0 = Debug|Any CPU
		{FBA6C847-80C1-49C5-91D9-D4F3DCF4B154}.Release|Any CPU.ActiveCfg = Release|Any CPU
		{FBA6C847-80C1-49C5-91D9-D4F3DCF4B154}.Release|Any CPU.Build.0 = Release|Any CPU
		{FBA6C847-80C1-49C5-91D9-D4F3DCF4B154}.Release|Any CPU.Deploy.0 = Release|Any CPU
		{42E31A7B-2286-49D4-999D-A6375E8951A8}.Debug|Any CPU.ActiveCfg = Debug|Any CPU
		{42E31A7B-2286-49D4-999D-A6375E8951A8}.Debug|Any CPU.Build.0 = Debug|Any CPU
		{42E31A7B-2286-49D4-999D-A6375E8951A8}.Release|Any CPU.ActiveCfg = Release|Any CPU
		{42E31A7B-2286-49D4-999D-A6375E8951A8}.Release|Any CPU.Build.0 = Release|Any CPU
		{ED0BC7CD-50A6-4EE4-875F-8E4511F39314}.Debug|Any CPU.ActiveCfg = Debug|Any CPU
		{ED0BC7CD-50A6-4EE4-875F-8E4511F39314}.Debug|Any CPU.Build.0 = Debug|Any CPU
		{ED0BC7CD-50A6-4EE4-875F-8E4511F39314}.Release|Any CPU.ActiveCfg = Release|Any CPU
		{ED0BC7CD-50A6-4EE4-875F-8E4511F39314}.Release|Any CPU.Build.0 = Release|Any CPU
		{EAC3FFA7-CF82-457B-923E-02CA75131553}.Debug|Any CPU.ActiveCfg = Debug|Any CPU
		{EAC3FFA7-CF82-457B-923E-02CA75131553}.Debug|Any CPU.Build.0 = Debug|Any CPU
		{EAC3FFA7-CF82-457B-923E-02CA75131553}.Release|Any CPU.ActiveCfg = Release|Any CPU
		{EAC3FFA7-CF82-457B-923E-02CA75131553}.Release|Any CPU.Build.0 = Release|Any CPU
		{DA051F63-A77F-49C1-92E1-DA9938BAC8FA}.Debug|Any CPU.ActiveCfg = Debug|Any CPU
		{DA051F63-A77F-49C1-92E1-DA9938BAC8FA}.Debug|Any CPU.Build.0 = Debug|Any CPU
		{DA051F63-A77F-49C1-92E1-DA9938BAC8FA}.Release|Any CPU.ActiveCfg = Release|Any CPU
		{DA051F63-A77F-49C1-92E1-DA9938BAC8FA}.Release|Any CPU.Build.0 = Release|Any CPU
	EndGlobalSection
	GlobalSection(SolutionProperties) = preSolution
		HideSolutionNode = FALSE
	EndGlobalSection
	GlobalSection(NestedProjects) = preSolution
		{6BD36E96-E96B-4399-BE17-A87424D44AD7} = {6C902314-82BD-48FD-8777-5C3AC986E4D3}
		{8615A844-1323-4CF4-B689-402DDA2038EB} = {080D0002-C5F5-400A-9B85-65DEECAD61A9}
		{28679F56-9998-4FC3-A871-43DF7262CB6E} = {2733948C-DAB3-45B6-BE60-64BA3A5289F5}
		{E34DDDB4-F8E6-4195-B161-6A4CB36658FC} = {9FD30EC7-482D-41AB-924C-26CAC3802F45}
		{9FD30EC7-482D-41AB-924C-26CAC3802F45} = {6C902314-82BD-48FD-8777-5C3AC986E4D3}
		{7A307618-3ADF-49DF-A490-A37D4404158D} = {6C902314-82BD-48FD-8777-5C3AC986E4D3}
		{120BE707-CF4A-48F3-A2F6-35CB3789F8F2} = {7A307618-3ADF-49DF-A490-A37D4404158D}
		{518FCA77-18F9-4E91-A966-58EC50F03822} = {C9053423-A2E7-40B9-A483-2F706CFAC955}
		{C9053423-A2E7-40B9-A483-2F706CFAC955} = {080D0002-C5F5-400A-9B85-65DEECAD61A9}
		{CD5C7225-9FDE-4156-A024-53C06240F98E} = {7A307618-3ADF-49DF-A490-A37D4404158D}
		{8C337D6B-785F-4967-AD56-D37D84F37551} = {7A307618-3ADF-49DF-A490-A37D4404158D}
		{4AFDA874-A1D7-4647-92A3-EA3A1B62582A} = {C9053423-A2E7-40B9-A483-2F706CFAC955}
		{3BE6ED7D-8480-4574-919F-128E37EF4641} = {2733948C-DAB3-45B6-BE60-64BA3A5289F5}
		{96E2CB96-E268-4638-9E31-138DA82E0EEC} = {2733948C-DAB3-45B6-BE60-64BA3A5289F5}
		{FDB20FC0-9D38-4E22-87EF-2865877B0F84} = {2CD70532-8E64-46DF-A895-B41234BAC290}
		{104CA8C9-84F6-4B5C-9576-F25ADA255CF0} = {FDB20FC0-9D38-4E22-87EF-2865877B0F84}
		{DAB57C2C-BA78-4F85-8219-C62F794AF42A} = {FDB20FC0-9D38-4E22-87EF-2865877B0F84}
		{247B336D-F1E5-49DF-B4C4-228BF701A8E9} = {FDB20FC0-9D38-4E22-87EF-2865877B0F84}
		{94E91A5D-13E7-4E05-BF13-9192FE36B6C4} = {FDB20FC0-9D38-4E22-87EF-2865877B0F84}
		{0C06AF3B-446B-4EAB-9BF7-5F45FADBFAB4} = {FDB20FC0-9D38-4E22-87EF-2865877B0F84}
		{B98BD77B-EE3A-448D-91F2-C388D845842E} = {DAB57C2C-BA78-4F85-8219-C62F794AF42A}
		{375C6045-1D8D-4EA1-80EB-039DC5B924BB} = {DAB57C2C-BA78-4F85-8219-C62F794AF42A}
		{4E2D2A1D-E32E-4A69-92DD-C3256660824B} = {104CA8C9-84F6-4B5C-9576-F25ADA255CF0}
		{7A43C896-8053-4616-927C-6388FE569661} = {7A307618-3ADF-49DF-A490-A37D4404158D}
		{F0F395D7-02B6-4B2E-8AF2-738F62BC2106} = {77ECA3D1-6729-47C5-ABA7-17E28B8085F6}
		{018F7CC6-8C43-48B3-9140-9F4815BE7D6B} = {C9053423-A2E7-40B9-A483-2F706CFAC955}
		{27F12C82-BA12-4B58-BF75-A565C24CE895} = {6C902314-82BD-48FD-8777-5C3AC986E4D3}
		{0CB9880F-EA51-4B79-990A-879BF4DF79D8} = {080D0002-C5F5-400A-9B85-65DEECAD61A9}
		{BBD6C366-E164-4C81-A96A-1B29E726861D} = {27F12C82-BA12-4B58-BF75-A565C24CE895}
		{3ACC6EBD-E622-41E2-9E3A-2BD26EB50A79} = {0CB9880F-EA51-4B79-990A-879BF4DF79D8}
		{EF4F8692-6BEA-48D4-ACB2-BAA5B5F4B5F0} = {FDB20FC0-9D38-4E22-87EF-2865877B0F84}
		{FE16D130-B8FF-4AFA-BD5F-F45307B23256} = {2CD70532-8E64-46DF-A895-B41234BAC290}
		{8C26DAF9-687E-4842-BF32-E0CE4F4A1A0F} = {FE16D130-B8FF-4AFA-BD5F-F45307B23256}
		{9871CCBA-35EC-41F1-8CAF-61AD5C149DE2} = {FE16D130-B8FF-4AFA-BD5F-F45307B23256}
		{67094D2A-560E-4F5A-A6A7-E24B46C917C1} = {8C26DAF9-687E-4842-BF32-E0CE4F4A1A0F}
		{A42A5657-C0A9-4800-A9EB-87068DF3A743} = {9871CCBA-35EC-41F1-8CAF-61AD5C149DE2}
		{D4BB4991-4C21-4378-BE7D-5E00329AA75D} = {FE16D130-B8FF-4AFA-BD5F-F45307B23256}
		{0B3CA592-07FB-484B-A4B8-EE049C020BC3} = {FE16D130-B8FF-4AFA-BD5F-F45307B23256}
		{87C924BC-AE3B-41CC-8E7B-85A91CFDE6C1} = {FE16D130-B8FF-4AFA-BD5F-F45307B23256}
		{44E5D241-D57C-4AE3-B9A4-277884A4E034} = {080D0002-C5F5-400A-9B85-65DEECAD61A9}
		{5D6F532E-7DAC-40B3-8A65-D557B34C3605} = {104CA8C9-84F6-4B5C-9576-F25ADA255CF0}
		{3C2DB788-C4D6-48E7-9E26-9563B1C59EB5} = {6C902314-82BD-48FD-8777-5C3AC986E4D3}
		{2AD5436B-10AB-4312-AD25-A9EB70E0C92D} = {3C2DB788-C4D6-48E7-9E26-9563B1C59EB5}
		{FEA11C67-E7C7-49BC-99F5-5E5BF8F8674F} = {2CD70532-8E64-46DF-A895-B41234BAC290}
		{00C76124-DB2C-4653-B8C1-F7260784EA5A} = {FEA11C67-E7C7-49BC-99F5-5E5BF8F8674F}
		{BFA3B544-8437-4158-A98F-84491B12F472} = {FEA11C67-E7C7-49BC-99F5-5E5BF8F8674F}
		{E773F133-A920-49A9-96BD-F7BD73A63D0C} = {BFA3B544-8437-4158-A98F-84491B12F472}
		{9DEA75E3-5F77-40F5-B8E1-CB5028C41D9F} = {BFA3B544-8437-4158-A98F-84491B12F472}
		{B7D52220-ABD0-40B7-9D23-E51B344D97B8} = {FEA11C67-E7C7-49BC-99F5-5E5BF8F8674F}
		{BD7BDE9B-7F1A-484A-95C3-A5ACCA2A2DA8} = {FEA11C67-E7C7-49BC-99F5-5E5BF8F8674F}
		{F962F1CC-DA7C-4146-8D36-0E6C74C261E5} = {FEA11C67-E7C7-49BC-99F5-5E5BF8F8674F}
		{54B168EB-C74D-4588-9D9E-BDD386D84C1F} = {00C76124-DB2C-4653-B8C1-F7260784EA5A}
		{2429F084-A3F8-4F8A-88FF-E3BF5B210C13} = {FEA11C67-E7C7-49BC-99F5-5E5BF8F8674F}
		{6B3BD95B-E789-4EBA-B295-99E7A48B9120} = {7A307618-3ADF-49DF-A490-A37D4404158D}
		{FAD69D7A-1625-4C1E-973D-BADBE980865C} = {104CA8C9-84F6-4B5C-9576-F25ADA255CF0}
		{1FA5CBD1-A24C-40C7-A4F2-51602C4C0F51} = {27F12C82-BA12-4B58-BF75-A565C24CE895}
		{9B0F41D0-9731-42F2-AE9A-0ACAE286B873} = {27F12C82-BA12-4B58-BF75-A565C24CE895}
		{3B72E22B-BF88-4E55-A52A-4C4603E6B52F} = {2CD70532-8E64-46DF-A895-B41234BAC290}
		{5BD012DA-EC4C-4B0E-9D1D-CC2D6E80DF05} = {3B72E22B-BF88-4E55-A52A-4C4603E6B52F}
		{FBA6C847-80C1-49C5-91D9-D4F3DCF4B154} = {3B72E22B-BF88-4E55-A52A-4C4603E6B52F}
		{42E31A7B-2286-49D4-999D-A6375E8951A8} = {3B72E22B-BF88-4E55-A52A-4C4603E6B52F}
		{ED0BC7CD-50A6-4EE4-875F-8E4511F39314} = {3B72E22B-BF88-4E55-A52A-4C4603E6B52F}
		{EAC3FFA7-CF82-457B-923E-02CA75131553} = {FDB20FC0-9D38-4E22-87EF-2865877B0F84}
		{DA051F63-A77F-49C1-92E1-DA9938BAC8FA} = {6C902314-82BD-48FD-8777-5C3AC986E4D3}
	EndGlobalSection
	GlobalSection(ExtensibilityGlobals) = postSolution
		SolutionGuid = {42D71086-61E6-4D31-B4B8-BFC8CC471428}
	EndGlobalSection
EndGlobal
